
Microsoft Visual Studio Solution File, Format Version 11.00
# Visual Studio 2010
Project("{FAE04EC0-301F-11D3-BF4B-00C04F79EFBC}") = "employee", "employee\employee.csproj", "{C3B1B25F-AD0A-4EFE-A944-BC68B16C689E}"
EndProject
Global
	GlobalSection(SolutionConfigurationPlatforms) = preSolution
		Debug|x86 = Debug|x86
		Release|x86 = Release|x86
	EndGlobalSection
	GlobalSection(ProjectConfigurationPlatforms) = postSolution
		{C3B1B25F-AD0A-4EFE-A944-BC68B16C689E}.Debug|x86.ActiveCfg = Debug|x86
		{C3B1B25F-AD0A-4EFE-A944-BC68B16C689E}.Debug|x86.Build.0 = Debug|x86
		{C3B1B25F-AD0A-4EFE-A944-BC68B16C689E}.Release|x86.ActiveCfg = Release|x86
		{C3B1B25F-AD0A-4EFE-A944-BC68B16C689E}.Release|x86.Build.0 = Release|x86
	EndGlobalSection
	GlobalSection(SolutionProperties) = preSolution
		HideSolutionNode = FALSE
	EndGlobalSection
EndGlobal
